
Microsoft Visual Studio Solution File, Format Version 12.00
# Visual Studio 15
VisualStudioVersion = 15.0.28307.1525
MinimumVisualStudioVersion = 10.0.40219.1
Project("{8BC9CEB8-8B4A-11D0-8D11-00A0C91BC942}") = "天数计算", "天数计算\天数计算.vcxproj", "{4B24D061-967C-48F9-875D-1C66305C64E8}"
EndProject
Global
	GlobalSection(SolutionConfigurationPlatforms) = preSolution
		Debug|x64 = Debug|x64
		Debug|x86 = Debug|x86
		Release|x64 = Release|x64
		Release|x86 = Release|x86
	EndGlobalSection
	GlobalSection(ProjectConfigurationPlatforms) = postSolution
		{4B24D061-967C-48F9-875D-1C66305C64E8}.Debug|x64.ActiveCfg = Debug|x64
		{4B24D061-967C-48F9-875D-1C66305C64E8}.Debug|x64.Build.0 = Debug|x64
		{4B24D061-967C-48F9-875D-1C66305C64E8}.Debug|x86.ActiveCfg = Debug|Win32
		{4B24D061-967C-48F9-875D-1C66305C64E8}.Debug|x86.Build.0 = Debug|Win32
		{4B24D061-967C-48F9-875D-1C66305C64E8}.Release|x64.ActiveCfg = Release|x64
		{4B24D061-967C-48F9-875D-1C66305C64E8}.Release|x64.Build.0 = Release|x64
		{4B24D061-967C-48F9-875D-1C66305C64E8}.Release|x86.ActiveCfg = Release|Win32
		{4B24D061-967C-48F9-875D-1C66305C64E8}.Release|x86.Build.0 = Release|Win32
	EndGlobalSection
	GlobalSection(SolutionProperties) = preSolution
		HideSolutionNode = FALSE
	EndGlobalSection
	GlobalSection(ExtensibilityGlobals) = postSolution
		SolutionGuid = {A50FFE56-EF1B-44A8-AEF3-DBA235D48553}
	EndGlobalSection
EndGlobal
