
Microsoft Visual Studio Solution File, Format Version 12.00
# Visual Studio 15
VisualStudioVersion = 15.0.28307.1525
MinimumVisualStudioVersion = 10.0.40219.1
Project("{8BC9CEB8-8B4A-11D0-8D11-00A0C91BC942}") = "链栈表示和实现", "链栈表示和实现\链栈表示和实现.vcxproj", "{E3A17BEF-8ACB-4CB0-A18B-35B8E636C4E5}"
EndProject
Global
	GlobalSection(SolutionConfigurationPlatforms) = preSolution
		Debug|x64 = Debug|x64
		Debug|x86 = Debug|x86
		Release|x64 = Release|x64
		Release|x86 = Release|x86
	EndGlobalSection
	GlobalSection(ProjectConfigurationPlatforms) = postSolution
		{E3A17BEF-8ACB-4CB0-A18B-35B8E636C4E5}.Debug|x64.ActiveCfg = Debug|x64
		{E3A17BEF-8ACB-4CB0-A18B-35B8E636C4E5}.Debug|x64.Build.0 = Debug|x64
		{E3A17BEF-8ACB-4CB0-A18B-35B8E636C4E5}.Debug|x86.ActiveCfg = Debug|Win32
		{E3A17BEF-8ACB-4CB0-A18B-35B8E636C4E5}.Debug|x86.Build.0 = Debug|Win32
		{E3A17BEF-8ACB-4CB0-A18B-35B8E636C4E5}.Release|x64.ActiveCfg = Release|x64
		{E3A17BEF-8ACB-4CB0-A18B-35B8E636C4E5}.Release|x64.Build.0 = Release|x64
		{E3A17BEF-8ACB-4CB0-A18B-35B8E636C4E5}.Release|x86.ActiveCfg = Release|Win32
		{E3A17BEF-8ACB-4CB0-A18B-35B8E636C4E5}.Release|x86.Build.0 = Release|Win32
	EndGlobalSection
	GlobalSection(SolutionProperties) = preSolution
		HideSolutionNode = FALSE
	EndGlobalSection
	GlobalSection(ExtensibilityGlobals) = postSolution
		SolutionGuid = {4BD6A490-E4FF-47B9-AACA-916DFAB5B920}
	EndGlobalSection
EndGlobal
