
Microsoft Visual Studio Solution File, Format Version 12.00
# Visual Studio 15
VisualStudioVersion = 15.0.28307.1525
MinimumVisualStudioVersion = 10.0.40219.1
Project("{8BC9CEB8-8B4A-11D0-8D11-00A0C91BC942}") = "新特性", "新特性\新特性.vcxproj", "{72F59068-0E32-4DD3-8DB6-E06F789996DF}"
EndProject
Global
	GlobalSection(SolutionConfigurationPlatforms) = preSolution
		Debug|x64 = Debug|x64
		Debug|x86 = Debug|x86
		Release|x64 = Release|x64
		Release|x86 = Release|x86
	EndGlobalSection
	GlobalSection(ProjectConfigurationPlatforms) = postSolution
		{72F59068-0E32-4DD3-8DB6-E06F789996DF}.Debug|x64.ActiveCfg = Debug|x64
		{72F59068-0E32-4DD3-8DB6-E06F789996DF}.Debug|x64.Build.0 = Debug|x64
		{72F59068-0E32-4DD3-8DB6-E06F789996DF}.Debug|x86.ActiveCfg = Debug|Win32
		{72F59068-0E32-4DD3-8DB6-E06F789996DF}.Debug|x86.Build.0 = Debug|Win32
		{72F59068-0E32-4DD3-8DB6-E06F789996DF}.Release|x64.ActiveCfg = Release|x64
		{72F59068-0E32-4DD3-8DB6-E06F789996DF}.Release|x64.Build.0 = Release|x64
		{72F59068-0E32-4DD3-8DB6-E06F789996DF}.Release|x86.ActiveCfg = Release|Win32
		{72F59068-0E32-4DD3-8DB6-E06F789996DF}.Release|x86.Build.0 = Release|Win32
	EndGlobalSection
	GlobalSection(SolutionProperties) = preSolution
		HideSolutionNode = FALSE
	EndGlobalSection
	GlobalSection(ExtensibilityGlobals) = postSolution
		SolutionGuid = {E63E4358-7AC6-4EAB-83D4-A8AD8F00D86F}
	EndGlobalSection
EndGlobal
