
Microsoft Visual Studio Solution File, Format Version 12.00
# Visual Studio 15
VisualStudioVersion = 15.0.28307.1525
MinimumVisualStudioVersion = 10.0.40219.1
Project("{8BC9CEB8-8B4A-11D0-8D11-00A0C91BC942}") = "智能指针", "智能指针\智能指针.vcxproj", "{009D746C-8F6A-4F33-8AEE-1B55C1EF04A8}"
EndProject
Global
	GlobalSection(SolutionConfigurationPlatforms) = preSolution
		Debug|x64 = Debug|x64
		Debug|x86 = Debug|x86
		Release|x64 = Release|x64
		Release|x86 = Release|x86
	EndGlobalSection
	GlobalSection(ProjectConfigurationPlatforms) = postSolution
		{009D746C-8F6A-4F33-8AEE-1B55C1EF04A8}.Debug|x64.ActiveCfg = Debug|x64
		{009D746C-8F6A-4F33-8AEE-1B55C1EF04A8}.Debug|x64.Build.0 = Debug|x64
		{009D746C-8F6A-4F33-8AEE-1B55C1EF04A8}.Debug|x86.ActiveCfg = Debug|Win32
		{009D746C-8F6A-4F33-8AEE-1B55C1EF04A8}.Debug|x86.Build.0 = Debug|Win32
		{009D746C-8F6A-4F33-8AEE-1B55C1EF04A8}.Release|x64.ActiveCfg = Release|x64
		{009D746C-8F6A-4F33-8AEE-1B55C1EF04A8}.Release|x64.Build.0 = Release|x64
		{009D746C-8F6A-4F33-8AEE-1B55C1EF04A8}.Release|x86.ActiveCfg = Release|Win32
		{009D746C-8F6A-4F33-8AEE-1B55C1EF04A8}.Release|x86.Build.0 = Release|Win32
	EndGlobalSection
	GlobalSection(SolutionProperties) = preSolution
		HideSolutionNode = FALSE
	EndGlobalSection
	GlobalSection(ExtensibilityGlobals) = postSolution
		SolutionGuid = {E156DAB2-383B-4967-992E-0055550B7749}
	EndGlobalSection
EndGlobal
